
Microsoft Visual Studio Solution File, Format Version 12.00
# Visual Studio Version 17
VisualStudioVersion = 17.11.35303.130
MinimumVisualStudioVersion = 10.0.40219.1
Project("{9A19103F-16F7-4668-BE54-9A1E7A4F7556}") = "PerspectiveTest", "PerspectiveTest\PerspectiveTest.csproj", "{F956ADD1-C90D-42E0-A022-07E21E336951}"
EndProject
Project("{9A19103F-16F7-4668-BE54-9A1E7A4F7556}") = "TestConsole", "TestConsole\TestConsole.csproj", "{08FEE75D-5416-424D-A431-9A8BF3412128}"
EndProject
Project("{2150E333-8FDC-42A3-9474-1A3956D46DE8}") = "Solution Items", "Solution Items", "{E084B0DE-5275-42AA-AB26-ECA44CB72958}"
	ProjectSection(SolutionItems) = preProject
		readme.md = readme.md
	EndProjectSection
EndProject
Global
	GlobalSection(SolutionConfigurationPlatforms) = preSolution
		Debug|Any CPU = Debug|Any CPU
		Release|Any CPU = Release|Any CPU
	EndGlobalSection
	GlobalSection(ProjectConfigurationPlatforms) = postSolution
		{F956ADD1-C90D-42E0-A022-07E21E336951}.Debug|Any CPU.ActiveCfg = Debug|Any CPU
		{F956ADD1-C90D-42E0-A022-07E21E336951}.Debug|Any CPU.Build.0 = Debug|Any CPU
		{F956ADD1-C90D-42E0-A022-07E21E336951}.Release|Any CPU.ActiveCfg = Release|Any CPU
		{F956ADD1-C90D-42E0-A022-07E21E336951}.Release|Any CPU.Build.0 = Release|Any CPU
		{08FEE75D-5416-424D-A431-9A8BF3412128}.Debug|Any CPU.ActiveCfg = Debug|Any CPU
		{08FEE75D-5416-424D-A431-9A8BF3412128}.Debug|Any CPU.Build.0 = Debug|Any CPU
		{08FEE75D-5416-424D-A431-9A8BF3412128}.Release|Any CPU.ActiveCfg = Release|Any CPU
		{08FEE75D-5416-424D-A431-9A8BF3412128}.Release|Any CPU.Build.0 = Release|Any CPU
	EndGlobalSection
	GlobalSection(SolutionProperties) = preSolution
		HideSolutionNode = FALSE
	EndGlobalSection
	GlobalSection(ExtensibilityGlobals) = postSolution
		SolutionGuid = {8E7CC5F4-3249-4938-A460-42F1EE9B6DCF}
	EndGlobalSection
EndGlobal
